
Microsoft Visual Studio Solution File, Format Version 12.00
# Visual Studio Version 16
VisualStudioVersion = 16.0.33927.289
MinimumVisualStudioVersion = 10.0.40219.1
Project("{FAE04EC0-301F-11D3-BF4B-00C04F79EFBC}") = "Ex04.Menus.Interfaces", "Ex04.Menus.Interfaces\Ex04.Menus.Interfaces.csproj", "{A12CE1FE-0AF0-455D-81A3-D6359B94EC53}"
EndProject
Project("{FAE04EC0-301F-11D3-BF4B-00C04F79EFBC}") = "Ex04.Menus.Events", "Ex04.Menus.Events\Ex04.Menus.Events.csproj", "{260EA28D-62E8-4564-9EEC-648E7B3ED1F8}"
EndProject
Project("{FAE04EC0-301F-11D3-BF4B-00C04F79EFBC}") = "Ex04.Menus.Test", "Ex04.Menus.Test\Ex04.Menus.Test.csproj", "{DD94DB77-14D3-426F-B1FA-F57F0D51BC3C}"
EndProject
Global
	GlobalSection(SolutionConfigurationPlatforms) = preSolution
		Debug|Any CPU = Debug|Any CPU
		Release|Any CPU = Release|Any CPU
	EndGlobalSection
	GlobalSection(ProjectConfigurationPlatforms) = postSolution
		{A12CE1FE-0AF0-455D-81A3-D6359B94EC53}.Debug|Any CPU.ActiveCfg = Debug|Any CPU
		{A12CE1FE-0AF0-455D-81A3-D6359B94EC53}.Debug|Any CPU.Build.0 = Debug|Any CPU
		{A12CE1FE-0AF0-455D-81A3-D6359B94EC53}.Release|Any CPU.ActiveCfg = Release|Any CPU
		{A12CE1FE-0AF0-455D-81A3-D6359B94EC53}.Release|Any CPU.Build.0 = Release|Any CPU
		{260EA28D-62E8-4564-9EEC-648E7B3ED1F8}.Debug|Any CPU.ActiveCfg = Debug|Any CPU
		{260EA28D-62E8-4564-9EEC-648E7B3ED1F8}.Debug|Any CPU.Build.0 = Debug|Any CPU
		{260EA28D-62E8-4564-9EEC-648E7B3ED1F8}.Release|Any CPU.ActiveCfg = Release|Any CPU
		{260EA28D-62E8-4564-9EEC-648E7B3ED1F8}.Release|Any CPU.Build.0 = Release|Any CPU
		{DD94DB77-14D3-426F-B1FA-F57F0D51BC3C}.Debug|Any CPU.ActiveCfg = Debug|Any CPU
		{DD94DB77-14D3-426F-B1FA-F57F0D51BC3C}.Debug|Any CPU.Build.0 = Debug|Any CPU
		{DD94DB77-14D3-426F-B1FA-F57F0D51BC3C}.Release|Any CPU.ActiveCfg = Release|Any CPU
		{DD94DB77-14D3-426F-B1FA-F57F0D51BC3C}.Release|Any CPU.Build.0 = Release|Any CPU
	EndGlobalSection
	GlobalSection(SolutionProperties) = preSolution
		HideSolutionNode = FALSE
	EndGlobalSection
	GlobalSection(ExtensibilityGlobals) = postSolution
		SolutionGuid = {A8C724C4-049B-49E4-82C3-85201EF687FE}
	EndGlobalSection
EndGlobal
